// !$*UTF8*$!
{
	archiveVersion = 1;
	classes = {
	};
	objectVersion = 50;
	objects = {

/* Begin PBXBuildFile section */
		24005E672562C9340025669E /* PreferencesViewModel.swift in Sources */ = {isa = PBXBuildFile; fileRef = 242F3F45255A86E500EFC526 /* PreferencesViewModel.swift */; };
		240814E226D98CA9006654AA /* Inspection.swift in Sources */ = {isa = PBXBuildFile; fileRef = 240814E126D98CA9006654AA /* Inspection.swift */; };
		240AAEEB26BB3D0E00CC9FB6 /* PreferencesViewTests.swift in Sources */ = {isa = PBXBuildFile; fileRef = 240AAEEA26BB3D0E00CC9FB6 /* PreferencesViewTests.swift */; };
		240AAEF626BC976500CC9FB6 /* ViewInspector.framework in Frameworks */ = {isa = PBXBuildFile; fileRef = 240AAEF426BC933000CC9FB6 /* ViewInspector.framework */; };
		240C977C2552E6F10083C9B8 /* RunRepo.swift in Sources */ = {isa = PBXBuildFile; fileRef = 240C977B2552E6F10083C9B8 /* RunRepo.swift */; };
		2415DBC5258903F000E77C88 /* GitHubV3WorkflowTests.swift in Sources */ = {isa = PBXBuildFile; fileRef = 2415DBC4258903F000E77C88 /* GitHubV3WorkflowTests.swift */; };
		242F3E7825565EE600EFC526 /* Run.swift in Sources */ = {isa = PBXBuildFile; fileRef = 242F3E7725565EE600EFC526 /* Run.swift */; };
		242F3E7D25565F4800EFC526 /* CisbError.swift in Sources */ = {isa = PBXBuildFile; fileRef = 242F3E7C25565F4800EFC526 /* CisbError.swift */; };
		242F3E8D255660F100EFC526 /* RunRepoImpl.swift in Sources */ = {isa = PBXBuildFile; fileRef = 242F3E8C255660F100EFC526 /* RunRepoImpl.swift */; };
		242F3EAA25566F3800EFC526 /* JobDao.swift in Sources */ = {isa = PBXBuildFile; fileRef = 242F3EA925566F3800EFC526 /* JobDao.swift */; };
		242F3EB225566F6F00EFC526 /* JobDaoImpl.swift in Sources */ = {isa = PBXBuildFile; fileRef = 242F3EB125566F6F00EFC526 /* JobDaoImpl.swift */; };
		242F3EBA2556741700EFC526 /* ApiProtocols.swift in Sources */ = {isa = PBXBuildFile; fileRef = 242F3EB92556741700EFC526 /* ApiProtocols.swift */; };
		242F3ECE255676DF00EFC526 /* RunHttpClient.swift in Sources */ = {isa = PBXBuildFile; fileRef = 242F3ECD255676DF00EFC526 /* RunHttpClient.swift */; };
		242F3ED3255676EE00EFC526 /* RunHttpClientImpl.swift in Sources */ = {isa = PBXBuildFile; fileRef = 242F3ED2255676EE00EFC526 /* RunHttpClientImpl.swift */; };
		242F3EDC2556793E00EFC526 /* RunRepoImplTests.swift in Sources */ = {isa = PBXBuildFile; fileRef = 242F3EDB2556793E00EFC526 /* RunRepoImplTests.swift */; };
		242F3EE7255679A300EFC526 /* RunHttpClientDoubles.swift in Sources */ = {isa = PBXBuildFile; fileRef = 242F3E872556600200EFC526 /* RunHttpClientDoubles.swift */; };
		242F3EF2255679CB00EFC526 /* CisbError.swift in Sources */ = {isa = PBXBuildFile; fileRef = 242F3E7C25565F4800EFC526 /* CisbError.swift */; };
		242F3F0925567B3A00EFC526 /* JobDaoDoubles.swift in Sources */ = {isa = PBXBuildFile; fileRef = 242F3F0825567B3A00EFC526 /* JobDaoDoubles.swift */; };
		242F3F33255980DF00EFC526 /* PreferencesView.swift in Sources */ = {isa = PBXBuildFile; fileRef = 242F3F32255980DF00EFC526 /* PreferencesView.swift */; };
		242F3F3B2559915D00EFC526 /* JobRepo.swift in Sources */ = {isa = PBXBuildFile; fileRef = 242F3F3A2559915D00EFC526 /* JobRepo.swift */; };
		242F3F40255992C800EFC526 /* JobRepoImpl.swift in Sources */ = {isa = PBXBuildFile; fileRef = 242F3F3F255992C800EFC526 /* JobRepoImpl.swift */; };
		242F3F65255E5E8400EFC526 /* JobDetail.swift in Sources */ = {isa = PBXBuildFile; fileRef = 242F3F64255E5E8400EFC526 /* JobDetail.swift */; };
		242F3F6A255E5F2100EFC526 /* JobList.swift in Sources */ = {isa = PBXBuildFile; fileRef = 242F3F69255E5F2100EFC526 /* JobList.swift */; };
		2465885E2563B552002A0F89 /* JobDaoStub.swift in Sources */ = {isa = PBXBuildFile; fileRef = 2465885D2563B552002A0F89 /* JobDaoStub.swift */; };
		2474EDDA253F072D00184F1A /* AppDelegate.swift in Sources */ = {isa = PBXBuildFile; fileRef = 2474EDD9253F072D00184F1A /* AppDelegate.swift */; };
		2474EDDF253F072D00184F1A /* cistatusbar.xcdatamodeld in Sources */ = {isa = PBXBuildFile; fileRef = 2474EDDD253F072D00184F1A /* cistatusbar.xcdatamodeld */; };
		2474EDE1253F072E00184F1A /* Assets.xcassets in Resources */ = {isa = PBXBuildFile; fileRef = 2474EDE0253F072E00184F1A /* Assets.xcassets */; };
		2474EDE4253F072E00184F1A /* Preview Assets.xcassets in Resources */ = {isa = PBXBuildFile; fileRef = 2474EDE3253F072E00184F1A /* Preview Assets.xcassets */; };
		2474EDE7253F072E00184F1A /* Main.storyboard in Resources */ = {isa = PBXBuildFile; fileRef = 2474EDE5253F072E00184F1A /* Main.storyboard */; };
		2474EDFE253F072F00184F1A /* happyPathTests.swift in Sources */ = {isa = PBXBuildFile; fileRef = 2474EDFD253F072F00184F1A /* happyPathTests.swift */; };
		248DFD0826C48089005961E6 /* TestDoubles.swift in Sources */ = {isa = PBXBuildFile; fileRef = 248DFD0726C48089005961E6 /* TestDoubles.swift */; };
		249E95A526F8BF6E00D97902 /* TimeService.swift in Sources */ = {isa = PBXBuildFile; fileRef = ECF959097AAC1C66AF9AA54D /* TimeService.swift */; };
		24B8A9D125820D29000F1201 /* GitHubV3Workflow.swift in Sources */ = {isa = PBXBuildFile; fileRef = 24B8A9D025820D29000F1201 /* GitHubV3Workflow.swift */; };
		24B8A9E5258267FF000F1201 /* GitLabV4Pipeline.swift in Sources */ = {isa = PBXBuildFile; fileRef = 24B8A9E4258267FF000F1201 /* GitLabV4Pipeline.swift */; };
		24C0B2E627178CEB00C34A5F /* AzureDevOpsV6PipelineTests.swift in Sources */ = {isa = PBXBuildFile; fileRef = 24C0B2E527178CEB00C34A5F /* AzureDevOpsV6PipelineTests.swift */; };
		24C0B2E827178D6400C34A5F /* AzureDevopsV6Pipeline.swift in Sources */ = {isa = PBXBuildFile; fileRef = 24C0B2E727178D6400C34A5F /* AzureDevopsV6Pipeline.swift */; };
		24C0B2E927178F8700C34A5F /* AzureDevopsV6Pipeline.swift in Sources */ = {isa = PBXBuildFile; fileRef = 24C0B2E727178D6400C34A5F /* AzureDevopsV6Pipeline.swift */; };
		24C0B2EB2718D42300C34A5F /* AzureDevOpsV6PipelineTests_SuccessResponse.json in Resources */ = {isa = PBXBuildFile; fileRef = 24C0B2EA2718D42300C34A5F /* AzureDevOpsV6PipelineTests_SuccessResponse.json */; };
		24C0B2EF2720C4A400C34A5F /* ApiType.swift in Sources */ = {isa = PBXBuildFile; fileRef = 24C0B2EE2720C4A400C34A5F /* ApiType.swift */; };
		24C0B2F12720C4DD00C34A5F /* ApiResponseStatus.swift in Sources */ = {isa = PBXBuildFile; fileRef = 24C0B2F02720C4DD00C34A5F /* ApiResponseStatus.swift */; };
		24C0B2F22720C50900C34A5F /* ApiResponseStatus.swift in Sources */ = {isa = PBXBuildFile; fileRef = 24C0B2F02720C4DD00C34A5F /* ApiResponseStatus.swift */; };
		24C0B2F32720C51500C34A5F /* ApiType.swift in Sources */ = {isa = PBXBuildFile; fileRef = 24C0B2EE2720C4A400C34A5F /* ApiType.swift */; };
		24C3FC9C26BC9AC70097DF86 /* ViewInspector.framework in CopyFiles */ = {isa = PBXBuildFile; fileRef = 240AAEF426BC933000CC9FB6 /* ViewInspector.framework */; settings = {ATTRIBUTES = (CodeSignOnCopy, RemoveHeadersOnCopy, ); }; };
		24C58D69259B1FAB00FCB38F /* JobRepoImplTests.swift in Sources */ = {isa = PBXBuildFile; fileRef = 24C58D68259B1FAB00FCB38F /* JobRepoImplTests.swift */; };
		24E33BF82591CAEB00EFCBAF /* GitLabV4PipelineTests.swift in Sources */ = {isa = PBXBuildFile; fileRef = 24E33BF72591CAEB00EFCBAF /* GitLabV4PipelineTests.swift */; };
		24E33C032591CB6000EFCBAF /* GitLabV4PipelineTests_SuccessResponse.json in Resources */ = {isa = PBXBuildFile; fileRef = 24E33C022591CB6000EFCBAF /* GitLabV4PipelineTests_SuccessResponse.json */; };
		24E33C112591CC4200EFCBAF /* GitLabV4PipelineTests_RunningResponse.json in Resources */ = {isa = PBXBuildFile; fileRef = 24E33C102591CC4200EFCBAF /* GitLabV4PipelineTests_RunningResponse.json */; };
		24E33C162591CC4E00EFCBAF /* GitLabV4PipelineTests_UnknownResponse.json in Resources */ = {isa = PBXBuildFile; fileRef = 24E33C152591CC4E00EFCBAF /* GitLabV4PipelineTests_UnknownResponse.json */; };
		24E33C1B2591CC5C00EFCBAF /* GitLabV4PipelineTests_FailResponse.json in Resources */ = {isa = PBXBuildFile; fileRef = 24E33C1A2591CC5C00EFCBAF /* GitLabV4PipelineTests_FailResponse.json */; };
		24E854CA26E96CF400843504 /* CIColor.swift in Sources */ = {isa = PBXBuildFile; fileRef = 24E854C926E96CF400843504 /* CIColor.swift */; };
		24E854CC26F28BFD00843504 /* AppLauncher.swift in Sources */ = {isa = PBXBuildFile; fileRef = ECF950C69048FA8A044E9B7A /* AppLauncher.swift */; };
		24E854CD26F28C2000843504 /* CisbButton.swift in Sources */ = {isa = PBXBuildFile; fileRef = ECF95EA82D1C7C52C89D7B7A /* CisbButton.swift */; };
		24E854CE26F28C2500843504 /* CisbMenu.swift in Sources */ = {isa = PBXBuildFile; fileRef = ECF95FAFE668D41EDB8AEB0F /* CisbMenu.swift */; };
		24E854CF26F291EB00843504 /* StatusItemPresenterTests.swift in Sources */ = {isa = PBXBuildFile; fileRef = ECF952B58B840F899306A129 /* StatusItemPresenterTests.swift */; };
		24E854D126F2921500843504 /* DefaultCisbMenu.swift in Sources */ = {isa = PBXBuildFile; fileRef = ECF95DB8D6E24F2B045656D1 /* DefaultCisbMenu.swift */; };
		24E854D226F2929300843504 /* DefaultIconProvider.swift in Sources */ = {isa = PBXBuildFile; fileRef = ECF95D713358B77A77865CB4 /* DefaultIconProvider.swift */; };
		24E854D326F292A400843504 /* StatusItemPresenter.swift in Sources */ = {isa = PBXBuildFile; fileRef = ECF9563A32F04BF40C37C2BD /* StatusItemPresenter.swift */; };
		24E854D426F3EDB400843504 /* testDoubles.swift in Sources */ = {isa = PBXBuildFile; fileRef = ECF9560CFA1397B6E246E3A1 /* testDoubles.swift */; };
		24F1849A25915415002A600E /* RunHttpClient.swift in Sources */ = {isa = PBXBuildFile; fileRef = 242F3ECD255676DF00EFC526 /* RunHttpClient.swift */; };
		24F1849E25916BB6002A600E /* Run.swift in Sources */ = {isa = PBXBuildFile; fileRef = 242F3E7725565EE600EFC526 /* Run.swift */; };
		24F184A225916BBF002A600E /* ApiProtocols.swift in Sources */ = {isa = PBXBuildFile; fileRef = 242F3EB92556741700EFC526 /* ApiProtocols.swift */; };
		24F184A625916BC2002A600E /* GitHubV3Workflow.swift in Sources */ = {isa = PBXBuildFile; fileRef = 24B8A9D025820D29000F1201 /* GitHubV3Workflow.swift */; };
		24F184AA25916BC7002A600E /* GitLabV4Pipeline.swift in Sources */ = {isa = PBXBuildFile; fileRef = 24B8A9E4258267FF000F1201 /* GitLabV4Pipeline.swift */; };
		24F184AE25916C07002A600E /* RunHttpClientImpl.swift in Sources */ = {isa = PBXBuildFile; fileRef = 242F3ED2255676EE00EFC526 /* RunHttpClientImpl.swift */; };
		24F184B225916C0A002A600E /* JobDao.swift in Sources */ = {isa = PBXBuildFile; fileRef = 242F3EA925566F3800EFC526 /* JobDao.swift */; };
		24F184BE25916C15002A600E /* JobRepo.swift in Sources */ = {isa = PBXBuildFile; fileRef = 242F3F3A2559915D00EFC526 /* JobRepo.swift */; };
		24F184C225916C19002A600E /* JobRepoImpl.swift in Sources */ = {isa = PBXBuildFile; fileRef = 242F3F3F255992C800EFC526 /* JobRepoImpl.swift */; };
		24F184C625916C1C002A600E /* RunRepo.swift in Sources */ = {isa = PBXBuildFile; fileRef = 240C977B2552E6F10083C9B8 /* RunRepo.swift */; };
		24F184CA25916C20002A600E /* RunRepoImpl.swift in Sources */ = {isa = PBXBuildFile; fileRef = 242F3E8C255660F100EFC526 /* RunRepoImpl.swift */; };
		24F184F32591AAE6002A600E /* GitHubV3WorkflowTests_SuccessResponse.json in Resources */ = {isa = PBXBuildFile; fileRef = 24F184F22591AAE6002A600E /* GitHubV3WorkflowTests_SuccessResponse.json */; };
		24F184FD2591AE42002A600E /* GitHubV3WorkflowTests_RunningResponse.json in Resources */ = {isa = PBXBuildFile; fileRef = 24F184FC2591AE42002A600E /* GitHubV3WorkflowTests_RunningResponse.json */; };
		24F1850D2591B4BC002A600E /* GitHubV3WorkflowTests_UnknownResponse.json in Resources */ = {isa = PBXBuildFile; fileRef = 24F1850C2591B4BC002A600E /* GitHubV3WorkflowTests_UnknownResponse.json */; };
		24F185152591B4D2002A600E /* GitHubV3WorkflowTests_FailResponse.json in Resources */ = {isa = PBXBuildFile; fileRef = 24F185142591B4D2002A600E /* GitHubV3WorkflowTests_FailResponse.json */; };
		24F1851A2591B613002A600E /* AbstractDecoderTests.swift in Sources */ = {isa = PBXBuildFile; fileRef = 24F185192591B613002A600E /* AbstractDecoderTests.swift */; };
		ECF951A7FEDED1B1EC409F92 /* DefaultAppLauncher.swift in Sources */ = {isa = PBXBuildFile; fileRef = ECF95F874EF519115F6A0687 /* DefaultAppLauncher.swift */; };
		ECF9525D9753C657A4A2BB3F /* Job.swift in Sources */ = {isa = PBXBuildFile; fileRef = ECF959F84D5EE92F45BCD4F5 /* Job.swift */; };
		ECF953D864C6B824B4A14872 /* DefaultCisbMenu.swift in Sources */ = {isa = PBXBuildFile; fileRef = ECF95DB8D6E24F2B045656D1 /* DefaultCisbMenu.swift */; };
		ECF954074C0DC1AAD9D2B1A3 /* AzureDevOpsV6PipelineTests_RunningResponse.json in Resources */ = {isa = PBXBuildFile; fileRef = ECF9508993EE0F98380072D0 /* AzureDevOpsV6PipelineTests_RunningResponse.json */; };
		ECF9545425D96AFCBB189D4B /* StatusItemPresenter.swift in Sources */ = {isa = PBXBuildFile; fileRef = ECF9563A32F04BF40C37C2BD /* StatusItemPresenter.swift */; };
		ECF9551D50D8015B91BBC550 /* AppLauncher.swift in Sources */ = {isa = PBXBuildFile; fileRef = ECF950C69048FA8A044E9B7A /* AppLauncher.swift */; };
		ECF955AC8DEF9AEE4F8659AF /* Job.swift in Sources */ = {isa = PBXBuildFile; fileRef = ECF959F84D5EE92F45BCD4F5 /* Job.swift */; };
		ECF957555F08CC971ED9B0C0 /* AzureDevOpsV6PipelineTests_FailResponse.json in Resources */ = {isa = PBXBuildFile; fileRef = ECF955141D4F9688382B7A87 /* AzureDevOpsV6PipelineTests_FailResponse.json */; };
		ECF957BFE2AED0CB53F2CD64 /* DefaultTimeService.swift in Sources */ = {isa = PBXBuildFile; fileRef = ECF9524045600EFAAEF5401D /* DefaultTimeService.swift */; };
		ECF95902BD9A7688E8EDCFD9 /* DefaultIconProvider.swift in Sources */ = {isa = PBXBuildFile; fileRef = ECF95D713358B77A77865CB4 /* DefaultIconProvider.swift */; };
		ECF9593379F818BA43106BFE /* DefaultCisbButton.swift in Sources */ = {isa = PBXBuildFile; fileRef = ECF957113729D0F04E64E4CF /* DefaultCisbButton.swift */; };
		ECF959763D838E71AA5B4D6A /* CisbMenu.swift in Sources */ = {isa = PBXBuildFile; fileRef = ECF95FAFE668D41EDB8AEB0F /* CisbMenu.swift */; };
		ECF959A254968A81DA8971A2 /* TimeService.swift in Sources */ = {isa = PBXBuildFile; fileRef = ECF959097AAC1C66AF9AA54D /* TimeService.swift */; };
		ECF95B257EC79D5941F2E1DC /* CisbButton.swift in Sources */ = {isa = PBXBuildFile; fileRef = ECF95EA82D1C7C52C89D7B7A /* CisbButton.swift */; };
		ECF95D2771BDC688C963F479 /* AzureDevOpsV6PipelineTests_UnknownResponse.json in Resources */ = {isa = PBXBuildFile; fileRef = ECF95A7875ACCE167FD4C847 /* AzureDevOpsV6PipelineTests_UnknownResponse.json */; };
/* End PBXBuildFile section */

/* Begin PBXContainerItemProxy section */
		240AAEED26BB3D0E00CC9FB6 /* PBXContainerItemProxy */ = {
			isa = PBXContainerItemProxy;
			containerPortal = 2474EDCE253F072D00184F1A /* Project object */;
			proxyType = 1;
			remoteGlobalIDString = 2474EDD5253F072D00184F1A;
			remoteInfo = cistatusbar;
		};
		2474EDEF253F072F00184F1A /* PBXContainerItemProxy */ = {
			isa = PBXContainerItemProxy;
			containerPortal = 2474EDCE253F072D00184F1A /* Project object */;
			proxyType = 1;
			remoteGlobalIDString = 2474EDD5253F072D00184F1A;
			remoteInfo = cistatusbar;
		};
		2474EDFA253F072F00184F1A /* PBXContainerItemProxy */ = {
			isa = PBXContainerItemProxy;
			containerPortal = 2474EDCE253F072D00184F1A /* Project object */;
			proxyType = 1;
			remoteGlobalIDString = 2474EDD5253F072D00184F1A;
			remoteInfo = cistatusbar;
		};
/* End PBXContainerItemProxy section */

/* Begin PBXCopyFilesBuildPhase section */
		24C3FC9B26BC9AA00097DF86 /* CopyFiles */ = {
			isa = PBXCopyFilesBuildPhase;
			buildActionMask = 2147483647;
			dstPath = "";
			dstSubfolderSpec = 10;
			files = (
				24C3FC9C26BC9AC70097DF86 /* ViewInspector.framework in CopyFiles */,
			);
			runOnlyForDeploymentPostprocessing = 0;
		};
/* End PBXCopyFilesBuildPhase section */

/* Begin PBXFileReference section */
		240814E126D98CA9006654AA /* Inspection.swift */ = {isa = PBXFileReference; lastKnownFileType = sourcecode.swift; path = Inspection.swift; sourceTree = "<group>"; };
		240AAEE826BB3D0E00CC9FB6 /* cistatusbarViewTests.xctest */ = {isa = PBXFileReference; explicitFileType = wrapper.cfbundle; includeInIndex = 0; path = cistatusbarViewTests.xctest; sourceTree = BUILT_PRODUCTS_DIR; };
		240AAEEA26BB3D0E00CC9FB6 /* PreferencesViewTests.swift */ = {isa = PBXFileReference; lastKnownFileType = sourcecode.swift; path = PreferencesViewTests.swift; sourceTree = "<group>"; };
		240AAEEC26BB3D0E00CC9FB6 /* Info.plist */ = {isa = PBXFileReference; lastKnownFileType = text.plist.xml; path = Info.plist; sourceTree = "<group>"; };
		240AAEF426BC933000CC9FB6 /* ViewInspector.framework */ = {isa = PBXFileReference; lastKnownFileType = wrapper.framework; name = ViewInspector.framework; path = Carthage/Build/Mac/ViewInspector.framework; sourceTree = "<group>"; };
		240C977B2552E6F10083C9B8 /* RunRepo.swift */ = {isa = PBXFileReference; lastKnownFileType = sourcecode.swift; path = RunRepo.swift; sourceTree = "<group>"; };
		2415DBC4258903F000E77C88 /* GitHubV3WorkflowTests.swift */ = {isa = PBXFileReference; lastKnownFileType = sourcecode.swift; path = GitHubV3WorkflowTests.swift; sourceTree = "<group>"; };
		242F3E7725565EE600EFC526 /* Run.swift */ = {isa = PBXFileReference; lastKnownFileType = sourcecode.swift; path = Run.swift; sourceTree = "<group>"; };
		242F3E7C25565F4800EFC526 /* CisbError.swift */ = {isa = PBXFileReference; lastKnownFileType = sourcecode.swift; path = CisbError.swift; sourceTree = "<group>"; };
		242F3E872556600200EFC526 /* RunHttpClientDoubles.swift */ = {isa = PBXFileReference; lastKnownFileType = sourcecode.swift; path = RunHttpClientDoubles.swift; sourceTree = "<group>"; };
		242F3E8C255660F100EFC526 /* RunRepoImpl.swift */ = {isa = PBXFileReference; lastKnownFileType = sourcecode.swift; path = RunRepoImpl.swift; sourceTree = "<group>"; };
		242F3EA925566F3800EFC526 /* JobDao.swift */ = {isa = PBXFileReference; lastKnownFileType = sourcecode.swift; path = JobDao.swift; sourceTree = "<group>"; };
		242F3EB125566F6F00EFC526 /* JobDaoImpl.swift */ = {isa = PBXFileReference; lastKnownFileType = sourcecode.swift; path = JobDaoImpl.swift; sourceTree = "<group>"; };
		242F3EB92556741700EFC526 /* ApiProtocols.swift */ = {isa = PBXFileReference; lastKnownFileType = sourcecode.swift; path = ApiProtocols.swift; sourceTree = "<group>"; };
		242F3ECD255676DF00EFC526 /* RunHttpClient.swift */ = {isa = PBXFileReference; lastKnownFileType = sourcecode.swift; path = RunHttpClient.swift; sourceTree = "<group>"; };
		242F3ED2255676EE00EFC526 /* RunHttpClientImpl.swift */ = {isa = PBXFileReference; lastKnownFileType = sourcecode.swift; path = RunHttpClientImpl.swift; sourceTree = "<group>"; };
		242F3EDB2556793E00EFC526 /* RunRepoImplTests.swift */ = {isa = PBXFileReference; lastKnownFileType = sourcecode.swift; path = RunRepoImplTests.swift; sourceTree = "<group>"; };
		242F3F0825567B3A00EFC526 /* JobDaoDoubles.swift */ = {isa = PBXFileReference; lastKnownFileType = sourcecode.swift; path = JobDaoDoubles.swift; sourceTree = "<group>"; };
		242F3F32255980DF00EFC526 /* PreferencesView.swift */ = {isa = PBXFileReference; lastKnownFileType = sourcecode.swift; path = PreferencesView.swift; sourceTree = "<group>"; };
		242F3F3A2559915D00EFC526 /* JobRepo.swift */ = {isa = PBXFileReference; lastKnownFileType = sourcecode.swift; path = JobRepo.swift; sourceTree = "<group>"; };
		242F3F3F255992C800EFC526 /* JobRepoImpl.swift */ = {isa = PBXFileReference; lastKnownFileType = sourcecode.swift; path = JobRepoImpl.swift; sourceTree = "<group>"; };
		242F3F45255A86E500EFC526 /* PreferencesViewModel.swift */ = {isa = PBXFileReference; lastKnownFileType = sourcecode.swift; path = PreferencesViewModel.swift; sourceTree = "<group>"; };
		242F3F64255E5E8400EFC526 /* JobDetail.swift */ = {isa = PBXFileReference; lastKnownFileType = sourcecode.swift; path = JobDetail.swift; sourceTree = "<group>"; };
		242F3F69255E5F2100EFC526 /* JobList.swift */ = {isa = PBXFileReference; lastKnownFileType = sourcecode.swift; path = JobList.swift; sourceTree = "<group>"; };
		2465885D2563B552002A0F89 /* JobDaoStub.swift */ = {isa = PBXFileReference; lastKnownFileType = sourcecode.swift; path = JobDaoStub.swift; sourceTree = "<group>"; };
		2474EDD6253F072D00184F1A /* cistatusbar.app */ = {isa = PBXFileReference; explicitFileType = wrapper.application; includeInIndex = 0; path = cistatusbar.app; sourceTree = BUILT_PRODUCTS_DIR; };
		2474EDD9253F072D00184F1A /* AppDelegate.swift */ = {isa = PBXFileReference; lastKnownFileType = sourcecode.swift; path = AppDelegate.swift; sourceTree = "<group>"; };
		2474EDDE253F072D00184F1A /* cistatusbar.xcdatamodel */ = {isa = PBXFileReference; lastKnownFileType = wrapper.xcdatamodel; path = cistatusbar.xcdatamodel; sourceTree = "<group>"; };
		2474EDE0253F072E00184F1A /* Assets.xcassets */ = {isa = PBXFileReference; lastKnownFileType = folder.assetcatalog; path = Assets.xcassets; sourceTree = "<group>"; };
		2474EDE3253F072E00184F1A /* Preview Assets.xcassets */ = {isa = PBXFileReference; lastKnownFileType = folder.assetcatalog; path = "Preview Assets.xcassets"; sourceTree = "<group>"; };
		2474EDE6253F072E00184F1A /* Base */ = {isa = PBXFileReference; lastKnownFileType = file.storyboard; name = Base; path = Base.lproj/Main.storyboard; sourceTree = "<group>"; };
		2474EDE8253F072E00184F1A /* Info.plist */ = {isa = PBXFileReference; lastKnownFileType = text.plist.xml; path = Info.plist; sourceTree = "<group>"; };
		2474EDE9253F072E00184F1A /* cistatusbar.entitlements */ = {isa = PBXFileReference; lastKnownFileType = text.plist.entitlements; path = cistatusbar.entitlements; sourceTree = "<group>"; };
		2474EDEE253F072F00184F1A /* cistatusbarTests.xctest */ = {isa = PBXFileReference; explicitFileType = wrapper.cfbundle; includeInIndex = 0; path = cistatusbarTests.xctest; sourceTree = BUILT_PRODUCTS_DIR; };
		2474EDF4253F072F00184F1A /* Info.plist */ = {isa = PBXFileReference; lastKnownFileType = text.plist.xml; path = Info.plist; sourceTree = "<group>"; };
		2474EDF9253F072F00184F1A /* cistatusbarE2ETests.xctest */ = {isa = PBXFileReference; explicitFileType = wrapper.cfbundle; includeInIndex = 0; path = cistatusbarE2ETests.xctest; sourceTree = BUILT_PRODUCTS_DIR; };
		2474EDFD253F072F00184F1A /* happyPathTests.swift */ = {isa = PBXFileReference; lastKnownFileType = sourcecode.swift; path = happyPathTests.swift; sourceTree = "<group>"; };
		2474EDFF253F072F00184F1A /* Info.plist */ = {isa = PBXFileReference; lastKnownFileType = text.plist.xml; path = Info.plist; sourceTree = "<group>"; };
		248DFD0726C48089005961E6 /* TestDoubles.swift */ = {isa = PBXFileReference; lastKnownFileType = sourcecode.swift; path = TestDoubles.swift; sourceTree = "<group>"; };
		24B8A9D025820D29000F1201 /* GitHubV3Workflow.swift */ = {isa = PBXFileReference; lastKnownFileType = sourcecode.swift; path = GitHubV3Workflow.swift; sourceTree = "<group>"; };
		24B8A9E4258267FF000F1201 /* GitLabV4Pipeline.swift */ = {isa = PBXFileReference; lastKnownFileType = sourcecode.swift; path = GitLabV4Pipeline.swift; sourceTree = "<group>"; };
		24C0B2E527178CEB00C34A5F /* AzureDevOpsV6PipelineTests.swift */ = {isa = PBXFileReference; lastKnownFileType = sourcecode.swift; path = AzureDevOpsV6PipelineTests.swift; sourceTree = "<group>"; };
		24C0B2E727178D6400C34A5F /* AzureDevopsV6Pipeline.swift */ = {isa = PBXFileReference; lastKnownFileType = sourcecode.swift; path = AzureDevopsV6Pipeline.swift; sourceTree = "<group>"; };
		24C0B2EA2718D42300C34A5F /* AzureDevOpsV6PipelineTests_SuccessResponse.json */ = {isa = PBXFileReference; lastKnownFileType = text.json; path = AzureDevOpsV6PipelineTests_SuccessResponse.json; sourceTree = "<group>"; };
		24C0B2EE2720C4A400C34A5F /* ApiType.swift */ = {isa = PBXFileReference; lastKnownFileType = sourcecode.swift; path = ApiType.swift; sourceTree = "<group>"; };
		24C0B2F02720C4DD00C34A5F /* ApiResponseStatus.swift */ = {isa = PBXFileReference; lastKnownFileType = sourcecode.swift; path = ApiResponseStatus.swift; sourceTree = "<group>"; };
		24C58D68259B1FAB00FCB38F /* JobRepoImplTests.swift */ = {isa = PBXFileReference; lastKnownFileType = sourcecode.swift; path = JobRepoImplTests.swift; sourceTree = "<group>"; };
		24E33BF72591CAEB00EFCBAF /* GitLabV4PipelineTests.swift */ = {isa = PBXFileReference; lastKnownFileType = sourcecode.swift; path = GitLabV4PipelineTests.swift; sourceTree = "<group>"; };
		24E33C022591CB6000EFCBAF /* GitLabV4PipelineTests_SuccessResponse.json */ = {isa = PBXFileReference; lastKnownFileType = text.json; path = GitLabV4PipelineTests_SuccessResponse.json; sourceTree = "<group>"; };
		24E33C102591CC4200EFCBAF /* GitLabV4PipelineTests_RunningResponse.json */ = {isa = PBXFileReference; lastKnownFileType = text.json; path = GitLabV4PipelineTests_RunningResponse.json; sourceTree = "<group>"; };
		24E33C152591CC4E00EFCBAF /* GitLabV4PipelineTests_UnknownResponse.json */ = {isa = PBXFileReference; lastKnownFileType = text.json; path = GitLabV4PipelineTests_UnknownResponse.json; sourceTree = "<group>"; };
		24E33C1A2591CC5C00EFCBAF /* GitLabV4PipelineTests_FailResponse.json */ = {isa = PBXFileReference; lastKnownFileType = text.json; path = GitLabV4PipelineTests_FailResponse.json; sourceTree = "<group>"; };
		24E854C926E96CF400843504 /* CIColor.swift */ = {isa = PBXFileReference; lastKnownFileType = sourcecode.swift; path = CIColor.swift; sourceTree = "<group>"; };
		24F184F22591AAE6002A600E /* GitHubV3WorkflowTests_SuccessResponse.json */ = {isa = PBXFileReference; lastKnownFileType = text.json; path = GitHubV3WorkflowTests_SuccessResponse.json; sourceTree = "<group>"; };
		24F184FC2591AE42002A600E /* GitHubV3WorkflowTests_RunningResponse.json */ = {isa = PBXFileReference; lastKnownFileType = text.json; path = GitHubV3WorkflowTests_RunningResponse.json; sourceTree = "<group>"; };
		24F1850C2591B4BC002A600E /* GitHubV3WorkflowTests_UnknownResponse.json */ = {isa = PBXFileReference; lastKnownFileType = text.json; path = GitHubV3WorkflowTests_UnknownResponse.json; sourceTree = "<group>"; };
		24F185142591B4D2002A600E /* GitHubV3WorkflowTests_FailResponse.json */ = {isa = PBXFileReference; lastKnownFileType = text.json; path = GitHubV3WorkflowTests_FailResponse.json; sourceTree = "<group>"; };
		24F185192591B613002A600E /* AbstractDecoderTests.swift */ = {isa = PBXFileReference; lastKnownFileType = sourcecode.swift; path = AbstractDecoderTests.swift; sourceTree = "<group>"; };
		ECF9508993EE0F98380072D0 /* AzureDevOpsV6PipelineTests_RunningResponse.json */ = {isa = PBXFileReference; fileEncoding = 4; lastKnownFileType = text.json; path = AzureDevOpsV6PipelineTests_RunningResponse.json; sourceTree = "<group>"; };
		ECF950C69048FA8A044E9B7A /* AppLauncher.swift */ = {isa = PBXFileReference; fileEncoding = 4; lastKnownFileType = sourcecode.swift; path = AppLauncher.swift; sourceTree = "<group>"; };
		ECF9524045600EFAAEF5401D /* DefaultTimeService.swift */ = {isa = PBXFileReference; fileEncoding = 4; lastKnownFileType = sourcecode.swift; path = DefaultTimeService.swift; sourceTree = "<group>"; };
		ECF952B58B840F899306A129 /* StatusItemPresenterTests.swift */ = {isa = PBXFileReference; fileEncoding = 4; lastKnownFileType = sourcecode.swift; path = StatusItemPresenterTests.swift; sourceTree = "<group>"; };
		ECF955141D4F9688382B7A87 /* AzureDevOpsV6PipelineTests_FailResponse.json */ = {isa = PBXFileReference; fileEncoding = 4; lastKnownFileType = text.json; path = AzureDevOpsV6PipelineTests_FailResponse.json; sourceTree = "<group>"; };
		ECF9560CFA1397B6E246E3A1 /* testDoubles.swift */ = {isa = PBXFileReference; fileEncoding = 4; lastKnownFileType = sourcecode.swift; path = testDoubles.swift; sourceTree = "<group>"; };
		ECF9563A32F04BF40C37C2BD /* StatusItemPresenter.swift */ = {isa = PBXFileReference; fileEncoding = 4; lastKnownFileType = sourcecode.swift; path = StatusItemPresenter.swift; sourceTree = "<group>"; };
		ECF957113729D0F04E64E4CF /* DefaultCisbButton.swift */ = {isa = PBXFileReference; fileEncoding = 4; lastKnownFileType = sourcecode.swift; path = DefaultCisbButton.swift; sourceTree = "<group>"; };
		ECF959097AAC1C66AF9AA54D /* TimeService.swift */ = {isa = PBXFileReference; fileEncoding = 4; lastKnownFileType = sourcecode.swift; path = TimeService.swift; sourceTree = "<group>"; };
		ECF959F84D5EE92F45BCD4F5 /* Job.swift */ = {isa = PBXFileReference; fileEncoding = 4; lastKnownFileType = sourcecode.swift; path = Job.swift; sourceTree = "<group>"; };
		ECF95A7875ACCE167FD4C847 /* AzureDevOpsV6PipelineTests_UnknownResponse.json */ = {isa = PBXFileReference; fileEncoding = 4; lastKnownFileType = text.json; path = AzureDevOpsV6PipelineTests_UnknownResponse.json; sourceTree = "<group>"; };
		ECF95D713358B77A77865CB4 /* DefaultIconProvider.swift */ = {isa = PBXFileReference; fileEncoding = 4; lastKnownFileType = sourcecode.swift; path = DefaultIconProvider.swift; sourceTree = "<group>"; };
		ECF95DB8D6E24F2B045656D1 /* DefaultCisbMenu.swift */ = {isa = PBXFileReference; fileEncoding = 4; lastKnownFileType = sourcecode.swift; path = DefaultCisbMenu.swift; sourceTree = "<group>"; };
		ECF95EA82D1C7C52C89D7B7A /* CisbButton.swift */ = {isa = PBXFileReference; fileEncoding = 4; lastKnownFileType = sourcecode.swift; path = CisbButton.swift; sourceTree = "<group>"; };
		ECF95F874EF519115F6A0687 /* DefaultAppLauncher.swift */ = {isa = PBXFileReference; fileEncoding = 4; lastKnownFileType = sourcecode.swift; path = DefaultAppLauncher.swift; sourceTree = "<group>"; };
		ECF95FAFE668D41EDB8AEB0F /* CisbMenu.swift */ = {isa = PBXFileReference; fileEncoding = 4; lastKnownFileType = sourcecode.swift; path = CisbMenu.swift; sourceTree = "<group>"; };
/* End PBXFileReference section */

/* Begin PBXFrameworksBuildPhase section */
		240AAEE526BB3D0E00CC9FB6 /* Frameworks */ = {
			isa = PBXFrameworksBuildPhase;
			buildActionMask = 2147483647;
			files = (
				240AAEF626BC976500CC9FB6 /* ViewInspector.framework in Frameworks */,
			);
			runOnlyForDeploymentPostprocessing = 0;
		};
		2474EDD3253F072D00184F1A /* Frameworks */ = {
			isa = PBXFrameworksBuildPhase;
			buildActionMask = 2147483647;
			files = (
			);
			runOnlyForDeploymentPostprocessing = 0;
		};
		2474EDEB253F072F00184F1A /* Frameworks */ = {
			isa = PBXFrameworksBuildPhase;
			buildActionMask = 2147483647;
			files = (
			);
			runOnlyForDeploymentPostprocessing = 0;
		};
		2474EDF6253F072F00184F1A /* Frameworks */ = {
			isa = PBXFrameworksBuildPhase;
			buildActionMask = 2147483647;
			files = (
			);
			runOnlyForDeploymentPostprocessing = 0;
		};
/* End PBXFrameworksBuildPhase section */

/* Begin PBXGroup section */
		240AAEE926BB3D0E00CC9FB6 /* cistatusbarViewTests */ = {
			isa = PBXGroup;
			children = (
				240AAEEA26BB3D0E00CC9FB6 /* PreferencesViewTests.swift */,
				240AAEEC26BB3D0E00CC9FB6 /* Info.plist */,
				248DFD0726C48089005961E6 /* TestDoubles.swift */,
			);
			path = cistatusbarViewTests;
			sourceTree = "<group>";
		};
		240AAEF326BC933000CC9FB6 /* Frameworks */ = {
			isa = PBXGroup;
			children = (
				240AAEF426BC933000CC9FB6 /* ViewInspector.framework */,
			);
			name = Frameworks;
			sourceTree = "<group>";
		};
		2415DBC3258903D700E77C88 /* api */ = {
			isa = PBXGroup;
			children = (
				24C0B2ED2720C48000C34A5F /* supportedApis */,
				24F185192591B613002A600E /* AbstractDecoderTests.swift */,
			);
			path = api;
			sourceTree = "<group>";
		};
		242F3E7525565E5600EFC526 /* repo */ = {
			isa = PBXGroup;
			children = (
				242F3EA925566F3800EFC526 /* JobDao.swift */,
				242F3EB125566F6F00EFC526 /* JobDaoImpl.swift */,
				2465885D2563B552002A0F89 /* JobDaoStub.swift */,
				242F3F3A2559915D00EFC526 /* JobRepo.swift */,
				242F3F3F255992C800EFC526 /* JobRepoImpl.swift */,
				242F3ECD255676DF00EFC526 /* RunHttpClient.swift */,
				242F3ED2255676EE00EFC526 /* RunHttpClientImpl.swift */,
				240C977B2552E6F10083C9B8 /* RunRepo.swift */,
				242F3E8C255660F100EFC526 /* RunRepoImpl.swift */,
			);
			path = repo;
			sourceTree = "<group>";
		};
		242F3E7625565EDB00EFC526 /* model */ = {
			isa = PBXGroup;
			children = (
				242F3E7725565EE600EFC526 /* Run.swift */,
				242F3E7C25565F4800EFC526 /* CisbError.swift */,
				ECF959F84D5EE92F45BCD4F5 /* Job.swift */,
			);
			path = model;
			sourceTree = "<group>";
		};
		242F3EDA2556792B00EFC526 /* repo */ = {
			isa = PBXGroup;
			children = (
				242F3E872556600200EFC526 /* RunHttpClientDoubles.swift */,
				242F3F0825567B3A00EFC526 /* JobDaoDoubles.swift */,
				242F3EDB2556793E00EFC526 /* RunRepoImplTests.swift */,
				24C58D68259B1FAB00FCB38F /* JobRepoImplTests.swift */,
			);
			path = repo;
			sourceTree = "<group>";
		};
		242F3F44255A86A800EFC526 /* preferences */ = {
			isa = PBXGroup;
			children = (
				242F3F32255980DF00EFC526 /* PreferencesView.swift */,
				242F3F45255A86E500EFC526 /* PreferencesViewModel.swift */,
				242F3F64255E5E8400EFC526 /* JobDetail.swift */,
				242F3F69255E5F2100EFC526 /* JobList.swift */,
			);
			path = preferences;
			sourceTree = "<group>";
		};
		2474EDCD253F072D00184F1A = {
			isa = PBXGroup;
			children = (
				2474EDD8253F072D00184F1A /* cistatusbar */,
				2474EDF1253F072F00184F1A /* cistatusbarTests */,
				240AAEE926BB3D0E00CC9FB6 /* cistatusbarViewTests */,
				2474EDFC253F072F00184F1A /* cistatusbarE2ETests */,
				2474EDD7253F072D00184F1A /* Products */,
				240AAEF326BC933000CC9FB6 /* Frameworks */,
			);
			sourceTree = "<group>";
		};
		2474EDD7253F072D00184F1A /* Products */ = {
			isa = PBXGroup;
			children = (
				2474EDD6253F072D00184F1A /* cistatusbar.app */,
				2474EDEE253F072F00184F1A /* cistatusbarTests.xctest */,
				2474EDF9253F072F00184F1A /* cistatusbarE2ETests.xctest */,
				240AAEE826BB3D0E00CC9FB6 /* cistatusbarViewTests.xctest */,
			);
			name = Products;
			sourceTree = "<group>";
		};
		2474EDD8253F072D00184F1A /* cistatusbar */ = {
			isa = PBXGroup;
			children = (
				24E854C826E96CE700843504 /* styles */,
				24B8A9CF25820D0F000F1201 /* api */,
				242F3F44255A86A800EFC526 /* preferences */,
				242F3E7625565EDB00EFC526 /* model */,
				242F3E7525565E5600EFC526 /* repo */,
				2474EDE9253F072E00184F1A /* cistatusbar.entitlements */,
				2474EDE8253F072E00184F1A /* Info.plist */,
				2474EDD9253F072D00184F1A /* AppDelegate.swift */,
				2474EDE0253F072E00184F1A /* Assets.xcassets */,
				2474EDDD253F072D00184F1A /* cistatusbar.xcdatamodeld */,
				2474EDE5253F072E00184F1A /* Main.storyboard */,
				2474EDE2253F072E00184F1A /* Preview Content */,
				240814E126D98CA9006654AA /* Inspection.swift */,
				ECF95D713358B77A77865CB4 /* DefaultIconProvider.swift */,
				ECF9584DB9AC66C3070DD618 /* statusItem */,
			);
			path = cistatusbar;
			sourceTree = "<group>";
		};
		2474EDE2253F072E00184F1A /* Preview Content */ = {
			isa = PBXGroup;
			children = (
				2474EDE3253F072E00184F1A /* Preview Assets.xcassets */,
			);
			path = "Preview Content";
			sourceTree = "<group>";
		};
		2474EDF1253F072F00184F1A /* cistatusbarTests */ = {
			isa = PBXGroup;
			children = (
				2415DBC3258903D700E77C88 /* api */,
				242F3EDA2556792B00EFC526 /* repo */,
				2474EDF4253F072F00184F1A /* Info.plist */,
				ECF955D3F71EC0EF39594149 /* statusItem */,
			);
			path = cistatusbarTests;
			sourceTree = "<group>";
		};
		2474EDFC253F072F00184F1A /* cistatusbarE2ETests */ = {
			isa = PBXGroup;
			children = (
				2474EDFD253F072F00184F1A /* happyPathTests.swift */,
				2474EDFF253F072F00184F1A /* Info.plist */,
			);
			path = cistatusbarE2ETests;
			sourceTree = "<group>";
		};
		24B8A9CF25820D0F000F1201 /* api */ = {
			isa = PBXGroup;
			children = (
				24C0B2EC2720C46700C34A5F /* supportedApis */,
				242F3EB92556741700EFC526 /* ApiProtocols.swift */,
				24C0B2F02720C4DD00C34A5F /* ApiResponseStatus.swift */,
				24C0B2EE2720C4A400C34A5F /* ApiType.swift */,
			);
			path = api;
			sourceTree = "<group>";
		};
		24C0B2E427178CB700C34A5F /* AzureDevOpsV6Pipeline */ = {
			isa = PBXGroup;
			children = (
				24C0B2E527178CEB00C34A5F /* AzureDevOpsV6PipelineTests.swift */,
				24C0B2EA2718D42300C34A5F /* AzureDevOpsV6PipelineTests_SuccessResponse.json */,
				ECF9508993EE0F98380072D0 /* AzureDevOpsV6PipelineTests_RunningResponse.json */,
				ECF95A7875ACCE167FD4C847 /* AzureDevOpsV6PipelineTests_UnknownResponse.json */,
				ECF955141D4F9688382B7A87 /* AzureDevOpsV6PipelineTests_FailResponse.json */,
			);
			path = AzureDevOpsV6Pipeline;
			sourceTree = "<group>";
		};
		24C0B2EC2720C46700C34A5F /* supportedApis */ = {
			isa = PBXGroup;
			children = (
				24C0B2E727178D6400C34A5F /* AzureDevopsV6Pipeline.swift */,
				24B8A9D025820D29000F1201 /* GitHubV3Workflow.swift */,
				24B8A9E4258267FF000F1201 /* GitLabV4Pipeline.swift */,
			);
			path = supportedApis;
			sourceTree = "<group>";
		};
		24C0B2ED2720C48000C34A5F /* supportedApis */ = {
			isa = PBXGroup;
			children = (
				24C0B2E427178CB700C34A5F /* AzureDevOpsV6Pipeline */,
				24E33BF62591CACD00EFCBAF /* GitLabV4Pipeline */,
				24F184FB2591AD5B002A600E /* GitHubV3Workflow */,
			);
			path = supportedApis;
			sourceTree = "<group>";
		};
		24E33BF62591CACD00EFCBAF /* GitLabV4Pipeline */ = {
			isa = PBXGroup;
			children = (
				24E33BF72591CAEB00EFCBAF /* GitLabV4PipelineTests.swift */,
				24E33C022591CB6000EFCBAF /* GitLabV4PipelineTests_SuccessResponse.json */,
				24E33C102591CC4200EFCBAF /* GitLabV4PipelineTests_RunningResponse.json */,
				24E33C152591CC4E00EFCBAF /* GitLabV4PipelineTests_UnknownResponse.json */,
				24E33C1A2591CC5C00EFCBAF /* GitLabV4PipelineTests_FailResponse.json */,
			);
			path = GitLabV4Pipeline;
			sourceTree = "<group>";
		};
		24E854C826E96CE700843504 /* styles */ = {
			isa = PBXGroup;
			children = (
				24E854C926E96CF400843504 /* CIColor.swift */,
			);
			path = styles;
			sourceTree = "<group>";
		};
		24F184FB2591AD5B002A600E /* GitHubV3Workflow */ = {
			isa = PBXGroup;
			children = (
				2415DBC4258903F000E77C88 /* GitHubV3WorkflowTests.swift */,
				24F184F22591AAE6002A600E /* GitHubV3WorkflowTests_SuccessResponse.json */,
				24F184FC2591AE42002A600E /* GitHubV3WorkflowTests_RunningResponse.json */,
				24F1850C2591B4BC002A600E /* GitHubV3WorkflowTests_UnknownResponse.json */,
				24F185142591B4D2002A600E /* GitHubV3WorkflowTests_FailResponse.json */,
			);
			path = GitHubV3Workflow;
			sourceTree = "<group>";
		};
		ECF955D3F71EC0EF39594149 /* statusItem */ = {
			isa = PBXGroup;
			children = (
				ECF952B58B840F899306A129 /* StatusItemPresenterTests.swift */,
				ECF95887E9CF9F7949BCB526 /* testDoubles */,
			);
			path = statusItem;
			sourceTree = "<group>";
		};
		ECF9584DB9AC66C3070DD618 /* statusItem */ = {
			isa = PBXGroup;
			children = (
				ECF9563A32F04BF40C37C2BD /* StatusItemPresenter.swift */,
				ECF95EA82D1C7C52C89D7B7A /* CisbButton.swift */,
				ECF95FAFE668D41EDB8AEB0F /* CisbMenu.swift */,
				ECF950C69048FA8A044E9B7A /* AppLauncher.swift */,
				ECF95F874EF519115F6A0687 /* DefaultAppLauncher.swift */,
				ECF957113729D0F04E64E4CF /* DefaultCisbButton.swift */,
				ECF95DB8D6E24F2B045656D1 /* DefaultCisbMenu.swift */,
				ECF959097AAC1C66AF9AA54D /* TimeService.swift */,
				ECF9524045600EFAAEF5401D /* DefaultTimeService.swift */,
			);
			path = statusItem;
			sourceTree = "<group>";
		};
		ECF95887E9CF9F7949BCB526 /* testDoubles */ = {
			isa = PBXGroup;
			children = (
				ECF9560CFA1397B6E246E3A1 /* testDoubles.swift */,
			);
			path = testDoubles;
			sourceTree = "<group>";
		};
/* End PBXGroup section */

/* Begin PBXNativeTarget section */
		240AAEE726BB3D0E00CC9FB6 /* cistatusbarViewTests */ = {
			isa = PBXNativeTarget;
			buildConfigurationList = 240AAEF126BB3D0E00CC9FB6 /* Build configuration list for PBXNativeTarget "cistatusbarViewTests" */;
			buildPhases = (
				240AAEE426BB3D0E00CC9FB6 /* Sources */,
				240AAEE526BB3D0E00CC9FB6 /* Frameworks */,
				240AAEE626BB3D0E00CC9FB6 /* Resources */,
				24C3FC9B26BC9AA00097DF86 /* CopyFiles */,
			);
			buildRules = (
			);
			dependencies = (
				240AAEEE26BB3D0E00CC9FB6 /* PBXTargetDependency */,
			);
			name = cistatusbarViewTests;
			productName = cistatusbarViewTests;
			productReference = 240AAEE826BB3D0E00CC9FB6 /* cistatusbarViewTests.xctest */;
			productType = "com.apple.product-type.bundle.unit-test";
		};
		2474EDD5253F072D00184F1A /* cistatusbar */ = {
			isa = PBXNativeTarget;
			buildConfigurationList = 2474EE02253F072F00184F1A /* Build configuration list for PBXNativeTarget "cistatusbar" */;
			buildPhases = (
				2474EDD2253F072D00184F1A /* Sources */,
				2474EDD3253F072D00184F1A /* Frameworks */,
				2474EDD4253F072D00184F1A /* Resources */,
			);
			buildRules = (
			);
			dependencies = (
			);
			name = cistatusbar;
			productName = cistatusbar;
			productReference = 2474EDD6253F072D00184F1A /* cistatusbar.app */;
			productType = "com.apple.product-type.application";
		};
		2474EDED253F072F00184F1A /* cistatusbarTests */ = {
			isa = PBXNativeTarget;
			buildConfigurationList = 2474EE05253F072F00184F1A /* Build configuration list for PBXNativeTarget "cistatusbarTests" */;
			buildPhases = (
				2474EDEA253F072F00184F1A /* Sources */,
				2474EDEB253F072F00184F1A /* Frameworks */,
				2474EDEC253F072F00184F1A /* Resources */,
			);
			buildRules = (
			);
			dependencies = (
				2474EDF0253F072F00184F1A /* PBXTargetDependency */,
			);
			name = cistatusbarTests;
			productName = cistatusbarTests;
			productReference = 2474EDEE253F072F00184F1A /* cistatusbarTests.xctest */;
			productType = "com.apple.product-type.bundle.unit-test";
		};
		2474EDF8253F072F00184F1A /* cistatusbarE2ETests */ = {
			isa = PBXNativeTarget;
			buildConfigurationList = 2474EE08253F072F00184F1A /* Build configuration list for PBXNativeTarget "cistatusbarE2ETests" */;
			buildPhases = (
				2474EDF5253F072F00184F1A /* Sources */,
				2474EDF6253F072F00184F1A /* Frameworks */,
				2474EDF7253F072F00184F1A /* Resources */,
			);
			buildRules = (
			);
			dependencies = (
				2474EDFB253F072F00184F1A /* PBXTargetDependency */,
			);
			name = cistatusbarE2ETests;
			productName = cistatusbarUITests;
			productReference = 2474EDF9253F072F00184F1A /* cistatusbarE2ETests.xctest */;
			productType = "com.apple.product-type.bundle.ui-testing";
		};
/* End PBXNativeTarget section */

/* Begin PBXProject section */
		2474EDCE253F072D00184F1A /* Project object */ = {
			isa = PBXProject;
			attributes = {
				LastSwiftUpdateCheck = 1250;
				LastUpgradeCheck = 1220;
				TargetAttributes = {
					240AAEE726BB3D0E00CC9FB6 = {
						CreatedOnToolsVersion = 12.5.1;
						TestTargetID = 2474EDD5253F072D00184F1A;
					};
					2474EDD5253F072D00184F1A = {
						CreatedOnToolsVersion = 12.0.1;
					};
					2474EDED253F072F00184F1A = {
						CreatedOnToolsVersion = 12.0.1;
					};
					2474EDF8253F072F00184F1A = {
						CreatedOnToolsVersion = 12.0.1;
						TestTargetID = 2474EDD5253F072D00184F1A;
					};
				};
			};
			buildConfigurationList = 2474EDD1253F072D00184F1A /* Build configuration list for PBXProject "cistatusbar" */;
			compatibilityVersion = "Xcode 9.3";
			developmentRegion = en;
			hasScannedForEncodings = 0;
			knownRegions = (
				en,
				Base,
			);
			mainGroup = 2474EDCD253F072D00184F1A;
			productRefGroup = 2474EDD7253F072D00184F1A /* Products */;
			projectDirPath = "";
			projectRoot = "";
			targets = (
				2474EDD5253F072D00184F1A /* cistatusbar */,
				2474EDED253F072F00184F1A /* cistatusbarTests */,
				240AAEE726BB3D0E00CC9FB6 /* cistatusbarViewTests */,
				2474EDF8253F072F00184F1A /* cistatusbarE2ETests */,
			);
		};
/* End PBXProject section */

/* Begin PBXResourcesBuildPhase section */
		240AAEE626BB3D0E00CC9FB6 /* Resources */ = {
			isa = PBXResourcesBuildPhase;
			buildActionMask = 2147483647;
			files = (
			);
			runOnlyForDeploymentPostprocessing = 0;
		};
		2474EDD4253F072D00184F1A /* Resources */ = {
			isa = PBXResourcesBuildPhase;
			buildActionMask = 2147483647;
			files = (
				2474EDE7253F072E00184F1A /* Main.storyboard in Resources */,
				2474EDE4253F072E00184F1A /* Preview Assets.xcassets in Resources */,
				2474EDE1253F072E00184F1A /* Assets.xcassets in Resources */,
			);
			runOnlyForDeploymentPostprocessing = 0;
		};
		2474EDEC253F072F00184F1A /* Resources */ = {
			isa = PBXResourcesBuildPhase;
			buildActionMask = 2147483647;
			files = (
				24C0B2EB2718D42300C34A5F /* AzureDevOpsV6PipelineTests_SuccessResponse.json in Resources */,
				24E33C032591CB6000EFCBAF /* GitLabV4PipelineTests_SuccessResponse.json in Resources */,
				24F185152591B4D2002A600E /* GitHubV3WorkflowTests_FailResponse.json in Resources */,
				24E33C162591CC4E00EFCBAF /* GitLabV4PipelineTests_UnknownResponse.json in Resources */,
				24F184F32591AAE6002A600E /* GitHubV3WorkflowTests_SuccessResponse.json in Resources */,
				24E33C1B2591CC5C00EFCBAF /* GitLabV4PipelineTests_FailResponse.json in Resources */,
				24F184FD2591AE42002A600E /* GitHubV3WorkflowTests_RunningResponse.json in Resources */,
				24E33C112591CC4200EFCBAF /* GitLabV4PipelineTests_RunningResponse.json in Resources */,
				24F1850D2591B4BC002A600E /* GitHubV3WorkflowTests_UnknownResponse.json in Resources */,
				ECF954074C0DC1AAD9D2B1A3 /* AzureDevOpsV6PipelineTests_RunningResponse.json in Resources */,
				ECF95D2771BDC688C963F479 /* AzureDevOpsV6PipelineTests_UnknownResponse.json in Resources */,
				ECF957555F08CC971ED9B0C0 /* AzureDevOpsV6PipelineTests_FailResponse.json in Resources */,
			);
			runOnlyForDeploymentPostprocessing = 0;
		};
		2474EDF7253F072F00184F1A /* Resources */ = {
			isa = PBXResourcesBuildPhase;
			buildActionMask = 2147483647;
			files = (
			);
			runOnlyForDeploymentPostprocessing = 0;
		};
/* End PBXResourcesBuildPhase section */

/* Begin PBXSourcesBuildPhase section */
		240AAEE426BB3D0E00CC9FB6 /* Sources */ = {
			isa = PBXSourcesBuildPhase;
			buildActionMask = 2147483647;
			files = (
				248DFD0826C48089005961E6 /* TestDoubles.swift in Sources */,
				240AAEEB26BB3D0E00CC9FB6 /* PreferencesViewTests.swift in Sources */,
			);
			runOnlyForDeploymentPostprocessing = 0;
		};
		2474EDD2253F072D00184F1A /* Sources */ = {
			isa = PBXSourcesBuildPhase;
			buildActionMask = 2147483647;
			files = (
				242F3EB225566F6F00EFC526 /* JobDaoImpl.swift in Sources */,
				2474EDDF253F072D00184F1A /* cistatusbar.xcdatamodeld in Sources */,
				240814E226D98CA9006654AA /* Inspection.swift in Sources */,
				242F3F3B2559915D00EFC526 /* JobRepo.swift in Sources */,
				24E854CA26E96CF400843504 /* CIColor.swift in Sources */,
				242F3F6A255E5F2100EFC526 /* JobList.swift in Sources */,
				242F3F33255980DF00EFC526 /* PreferencesView.swift in Sources */,
				2474EDDA253F072D00184F1A /* AppDelegate.swift in Sources */,
				242F3F65255E5E8400EFC526 /* JobDetail.swift in Sources */,
				240C977C2552E6F10083C9B8 /* RunRepo.swift in Sources */,
				242F3E7825565EE600EFC526 /* Run.swift in Sources */,
				24C0B2F12720C4DD00C34A5F /* ApiResponseStatus.swift in Sources */,
				24B8A9E5258267FF000F1201 /* GitLabV4Pipeline.swift in Sources */,
				24C0B2EF2720C4A400C34A5F /* ApiType.swift in Sources */,
				242F3E8D255660F100EFC526 /* RunRepoImpl.swift in Sources */,
				242F3ECE255676DF00EFC526 /* RunHttpClient.swift in Sources */,
				242F3ED3255676EE00EFC526 /* RunHttpClientImpl.swift in Sources */,
				24005E672562C9340025669E /* PreferencesViewModel.swift in Sources */,
				242F3E7D25565F4800EFC526 /* CisbError.swift in Sources */,
				2465885E2563B552002A0F89 /* JobDaoStub.swift in Sources */,
				242F3F40255992C800EFC526 /* JobRepoImpl.swift in Sources */,
				24B8A9D125820D29000F1201 /* GitHubV3Workflow.swift in Sources */,
				242F3EBA2556741700EFC526 /* ApiProtocols.swift in Sources */,
				242F3EAA25566F3800EFC526 /* JobDao.swift in Sources */,
				ECF9525D9753C657A4A2BB3F /* Job.swift in Sources */,
				ECF95902BD9A7688E8EDCFD9 /* DefaultIconProvider.swift in Sources */,
				ECF9545425D96AFCBB189D4B /* StatusItemPresenter.swift in Sources */,
				ECF95B257EC79D5941F2E1DC /* CisbButton.swift in Sources */,
				ECF959763D838E71AA5B4D6A /* CisbMenu.swift in Sources */,
				ECF9551D50D8015B91BBC550 /* AppLauncher.swift in Sources */,
				ECF951A7FEDED1B1EC409F92 /* DefaultAppLauncher.swift in Sources */,
				ECF9593379F818BA43106BFE /* DefaultCisbButton.swift in Sources */,
				ECF953D864C6B824B4A14872 /* DefaultCisbMenu.swift in Sources */,
				ECF959A254968A81DA8971A2 /* TimeService.swift in Sources */,
				24C0B2E827178D6400C34A5F /* AzureDevopsV6Pipeline.swift in Sources */,
				ECF957BFE2AED0CB53F2CD64 /* DefaultTimeService.swift in Sources */,
			);
			runOnlyForDeploymentPostprocessing = 0;
		};
		2474EDEA253F072F00184F1A /* Sources */ = {
			isa = PBXSourcesBuildPhase;
			buildActionMask = 2147483647;
			files = (
				24E854D226F2929300843504 /* DefaultIconProvider.swift in Sources */,
				24F184AE25916C07002A600E /* RunHttpClientImpl.swift in Sources */,
				24F1851A2591B613002A600E /* AbstractDecoderTests.swift in Sources */,
				249E95A526F8BF6E00D97902 /* TimeService.swift in Sources */,
				24C0B2E927178F8700C34A5F /* AzureDevopsV6Pipeline.swift in Sources */,
				24F184A625916BC2002A600E /* GitHubV3Workflow.swift in Sources */,
				24E854CF26F291EB00843504 /* StatusItemPresenterTests.swift in Sources */,
				24F184A225916BBF002A600E /* ApiProtocols.swift in Sources */,
				24F184BE25916C15002A600E /* JobRepo.swift in Sources */,
				242F3EDC2556793E00EFC526 /* RunRepoImplTests.swift in Sources */,
				24E33BF82591CAEB00EFCBAF /* GitLabV4PipelineTests.swift in Sources */,
				24E854D126F2921500843504 /* DefaultCisbMenu.swift in Sources */,
				24F1849E25916BB6002A600E /* Run.swift in Sources */,
				24F184AA25916BC7002A600E /* GitLabV4Pipeline.swift in Sources */,
				24E854CC26F28BFD00843504 /* AppLauncher.swift in Sources */,
				242F3EE7255679A300EFC526 /* RunHttpClientDoubles.swift in Sources */,
				242F3F0925567B3A00EFC526 /* JobDaoDoubles.swift in Sources */,
				24F184B225916C0A002A600E /* JobDao.swift in Sources */,
				24F184C225916C19002A600E /* JobRepoImpl.swift in Sources */,
				24E854CE26F28C2500843504 /* CisbMenu.swift in Sources */,
				24E854D426F3EDB400843504 /* testDoubles.swift in Sources */,
				24F184CA25916C20002A600E /* RunRepoImpl.swift in Sources */,
				24F184C625916C1C002A600E /* RunRepo.swift in Sources */,
				24C58D69259B1FAB00FCB38F /* JobRepoImplTests.swift in Sources */,
				24E854CD26F28C2000843504 /* CisbButton.swift in Sources */,
				24C0B2E627178CEB00C34A5F /* AzureDevOpsV6PipelineTests.swift in Sources */,
				24F1849A25915415002A600E /* RunHttpClient.swift in Sources */,
				24C0B2F32720C51500C34A5F /* ApiType.swift in Sources */,
				242F3EF2255679CB00EFC526 /* CisbError.swift in Sources */,
				2415DBC5258903F000E77C88 /* GitHubV3WorkflowTests.swift in Sources */,
				ECF955AC8DEF9AEE4F8659AF /* Job.swift in Sources */,
				24E854D326F292A400843504 /* StatusItemPresenter.swift in Sources */,
				24C0B2F22720C50900C34A5F /* ApiResponseStatus.swift in Sources */,
			);
			runOnlyForDeploymentPostprocessing = 0;
		};
		2474EDF5253F072F00184F1A /* Sources */ = {
			isa = PBXSourcesBuildPhase;
			buildActionMask = 2147483647;
			files = (
				2474EDFE253F072F00184F1A /* happyPathTests.swift in Sources */,
			);
			runOnlyForDeploymentPostprocessing = 0;
		};
/* End PBXSourcesBuildPhase section */

/* Begin PBXTargetDependency section */
		240AAEEE26BB3D0E00CC9FB6 /* PBXTargetDependency */ = {
			isa = PBXTargetDependency;
			target = 2474EDD5253F072D00184F1A /* cistatusbar */;
			targetProxy = 240AAEED26BB3D0E00CC9FB6 /* PBXContainerItemProxy */;
		};
		2474EDF0253F072F00184F1A /* PBXTargetDependency */ = {
			isa = PBXTargetDependency;
			target = 2474EDD5253F072D00184F1A /* cistatusbar */;
			targetProxy = 2474EDEF253F072F00184F1A /* PBXContainerItemProxy */;
		};
		2474EDFB253F072F00184F1A /* PBXTargetDependency */ = {
			isa = PBXTargetDependency;
			target = 2474EDD5253F072D00184F1A /* cistatusbar */;
			targetProxy = 2474EDFA253F072F00184F1A /* PBXContainerItemProxy */;
		};
/* End PBXTargetDependency section */

/* Begin PBXVariantGroup section */
		2474EDE5253F072E00184F1A /* Main.storyboard */ = {
			isa = PBXVariantGroup;
			children = (
				2474EDE6253F072E00184F1A /* Base */,
			);
			name = Main.storyboard;
			sourceTree = "<group>";
		};
/* End PBXVariantGroup section */

/* Begin XCBuildConfiguration section */
		240AAEEF26BB3D0E00CC9FB6 /* Debug */ = {
			isa = XCBuildConfiguration;
			buildSettings = {
				BUNDLE_LOADER = "$(TEST_HOST)";
				CODE_SIGN_STYLE = Automatic;
				COMBINE_HIDPI_IMAGES = YES;
				DEVELOPMENT_TEAM = UC283Z62S8;
				FRAMEWORK_SEARCH_PATHS = (
					"$(inherited)",
					"$(PROJECT_DIR)/Carthage/Build/Mac",
				);
				INFOPLIST_FILE = cistatusbarViewTests/Info.plist;
				LD_RUNPATH_SEARCH_PATHS = (
					"$(inherited)",
					"@executable_path/../Frameworks",
					"@loader_path/../Frameworks",
				);
				MACOSX_DEPLOYMENT_TARGET = 11.0;
				PRODUCT_BUNDLE_IDENTIFIER = io.umehara.cistatusbarViewTests;
				PRODUCT_NAME = "$(TARGET_NAME)";
				SWIFT_VERSION = 5.0;
				TEST_HOST = "$(BUILT_PRODUCTS_DIR)/cistatusbar.app/Contents/MacOS/cistatusbar";
			};
			name = Debug;
		};
		240AAEF026BB3D0E00CC9FB6 /* Release */ = {
			isa = XCBuildConfiguration;
			buildSettings = {
				BUNDLE_LOADER = "$(TEST_HOST)";
				CODE_SIGN_STYLE = Automatic;
				COMBINE_HIDPI_IMAGES = YES;
				DEVELOPMENT_TEAM = UC283Z62S8;
				FRAMEWORK_SEARCH_PATHS = (
					"$(inherited)",
					"$(PROJECT_DIR)/Carthage/Build/Mac",
				);
				INFOPLIST_FILE = cistatusbarViewTests/Info.plist;
				LD_RUNPATH_SEARCH_PATHS = (
					"$(inherited)",
					"@executable_path/../Frameworks",
					"@loader_path/../Frameworks",
				);
				MACOSX_DEPLOYMENT_TARGET = 11.0;
				PRODUCT_BUNDLE_IDENTIFIER = io.umehara.cistatusbarViewTests;
				PRODUCT_NAME = "$(TARGET_NAME)";
				SWIFT_VERSION = 5.0;
				TEST_HOST = "$(BUILT_PRODUCTS_DIR)/cistatusbar.app/Contents/MacOS/cistatusbar";
			};
			name = Release;
		};
		2474EE00253F072F00184F1A /* Debug */ = {
			isa = XCBuildConfiguration;
			buildSettings = {
				ALWAYS_SEARCH_USER_PATHS = NO;
				CLANG_ANALYZER_NONNULL = YES;
				CLANG_ANALYZER_NUMBER_OBJECT_CONVERSION = YES_AGGRESSIVE;
				CLANG_CXX_LANGUAGE_STANDARD = "gnu++14";
				CLANG_CXX_LIBRARY = "libc++";
				CLANG_ENABLE_MODULES = YES;
				CLANG_ENABLE_OBJC_ARC = YES;
				CLANG_ENABLE_OBJC_WEAK = YES;
				CLANG_WARN_BLOCK_CAPTURE_AUTORELEASING = YES;
				CLANG_WARN_BOOL_CONVERSION = YES;
				CLANG_WARN_COMMA = YES;
				CLANG_WARN_CONSTANT_CONVERSION = YES;
				CLANG_WARN_DEPRECATED_OBJC_IMPLEMENTATIONS = YES;
				CLANG_WARN_DIRECT_OBJC_ISA_USAGE = YES_ERROR;
				CLANG_WARN_DOCUMENTATION_COMMENTS = YES;
				CLANG_WARN_EMPTY_BODY = YES;
				CLANG_WARN_ENUM_CONVERSION = YES;
				CLANG_WARN_INFINITE_RECURSION = YES;
				CLANG_WARN_INT_CONVERSION = YES;
				CLANG_WARN_NON_LITERAL_NULL_CONVERSION = YES;
				CLANG_WARN_OBJC_IMPLICIT_RETAIN_SELF = YES;
				CLANG_WARN_OBJC_LITERAL_CONVERSION = YES;
				CLANG_WARN_OBJC_ROOT_CLASS = YES_ERROR;
				CLANG_WARN_QUOTED_INCLUDE_IN_FRAMEWORK_HEADER = YES;
				CLANG_WARN_RANGE_LOOP_ANALYSIS = YES;
				CLANG_WARN_STRICT_PROTOTYPES = YES;
				CLANG_WARN_SUSPICIOUS_MOVE = YES;
				CLANG_WARN_UNGUARDED_AVAILABILITY = YES_AGGRESSIVE;
				CLANG_WARN_UNREACHABLE_CODE = YES;
				CLANG_WARN__DUPLICATE_METHOD_MATCH = YES;
				COPY_PHASE_STRIP = NO;
				DEBUG_INFORMATION_FORMAT = dwarf;
				ENABLE_STRICT_OBJC_MSGSEND = YES;
				ENABLE_TESTABILITY = YES;
				GCC_C_LANGUAGE_STANDARD = gnu11;
				GCC_DYNAMIC_NO_PIC = NO;
				GCC_NO_COMMON_BLOCKS = YES;
				GCC_OPTIMIZATION_LEVEL = 0;
				GCC_PREPROCESSOR_DEFINITIONS = (
					"DEBUG=1",
					"$(inherited)",
				);
				GCC_WARN_64_TO_32_BIT_CONVERSION = YES;
				GCC_WARN_ABOUT_RETURN_TYPE = YES_ERROR;
				GCC_WARN_UNDECLARED_SELECTOR = YES;
				GCC_WARN_UNINITIALIZED_AUTOS = YES_AGGRESSIVE;
				GCC_WARN_UNUSED_FUNCTION = YES;
				GCC_WARN_UNUSED_VARIABLE = YES;
				MACOSX_DEPLOYMENT_TARGET = 11.0;
				MTL_ENABLE_DEBUG_INFO = INCLUDE_SOURCE;
				MTL_FAST_MATH = YES;
				ONLY_ACTIVE_ARCH = YES;
				SDKROOT = macosx;
				SWIFT_ACTIVE_COMPILATION_CONDITIONS = DEBUG;
				SWIFT_OPTIMIZATION_LEVEL = "-Onone";
			};
			name = Debug;
		};
		2474EE01253F072F00184F1A /* Release */ = {
			isa = XCBuildConfiguration;
			buildSettings = {
				ALWAYS_SEARCH_USER_PATHS = NO;
				CLANG_ANALYZER_NONNULL = YES;
				CLANG_ANALYZER_NUMBER_OBJECT_CONVERSION = YES_AGGRESSIVE;
				CLANG_CXX_LANGUAGE_STANDARD = "gnu++14";
				CLANG_CXX_LIBRARY = "libc++";
				CLANG_ENABLE_MODULES = YES;
				CLANG_ENABLE_OBJC_ARC = YES;
				CLANG_ENABLE_OBJC_WEAK = YES;
				CLANG_WARN_BLOCK_CAPTURE_AUTORELEASING = YES;
				CLANG_WARN_BOOL_CONVERSION = YES;
				CLANG_WARN_COMMA = YES;
				CLANG_WARN_CONSTANT_CONVERSION = YES;
				CLANG_WARN_DEPRECATED_OBJC_IMPLEMENTATIONS = YES;
				CLANG_WARN_DIRECT_OBJC_ISA_USAGE = YES_ERROR;
				CLANG_WARN_DOCUMENTATION_COMMENTS = YES;
				CLANG_WARN_EMPTY_BODY = YES;
				CLANG_WARN_ENUM_CONVERSION = YES;
				CLANG_WARN_INFINITE_RECURSION = YES;
				CLANG_WARN_INT_CONVERSION = YES;
				CLANG_WARN_NON_LITERAL_NULL_CONVERSION = YES;
				CLANG_WARN_OBJC_IMPLICIT_RETAIN_SELF = YES;
				CLANG_WARN_OBJC_LITERAL_CONVERSION = YES;
				CLANG_WARN_OBJC_ROOT_CLASS = YES_ERROR;
				CLANG_WARN_QUOTED_INCLUDE_IN_FRAMEWORK_HEADER = YES;
				CLANG_WARN_RANGE_LOOP_ANALYSIS = YES;
				CLANG_WARN_STRICT_PROTOTYPES = YES;
				CLANG_WARN_SUSPICIOUS_MOVE = YES;
				CLANG_WARN_UNGUARDED_AVAILABILITY = YES_AGGRESSIVE;
				CLANG_WARN_UNREACHABLE_CODE = YES;
				CLANG_WARN__DUPLICATE_METHOD_MATCH = YES;
				COPY_PHASE_STRIP = NO;
				DEBUG_INFORMATION_FORMAT = "dwarf-with-dsym";
				ENABLE_NS_ASSERTIONS = NO;
				ENABLE_STRICT_OBJC_MSGSEND = YES;
				GCC_C_LANGUAGE_STANDARD = gnu11;
				GCC_NO_COMMON_BLOCKS = YES;
				GCC_WARN_64_TO_32_BIT_CONVERSION = YES;
				GCC_WARN_ABOUT_RETURN_TYPE = YES_ERROR;
				GCC_WARN_UNDECLARED_SELECTOR = YES;
				GCC_WARN_UNINITIALIZED_AUTOS = YES_AGGRESSIVE;
				GCC_WARN_UNUSED_FUNCTION = YES;
				GCC_WARN_UNUSED_VARIABLE = YES;
				MACOSX_DEPLOYMENT_TARGET = 11.0;
				MTL_ENABLE_DEBUG_INFO = NO;
				MTL_FAST_MATH = YES;
				SDKROOT = macosx;
				SWIFT_COMPILATION_MODE = wholemodule;
				SWIFT_OPTIMIZATION_LEVEL = "-O";
			};
			name = Release;
		};
		2474EE03253F072F00184F1A /* Debug */ = {
			isa = XCBuildConfiguration;
			buildSettings = {
				ASSETCATALOG_COMPILER_APPICON_NAME = AppIcon;
				ASSETCATALOG_COMPILER_GLOBAL_ACCENT_COLOR_NAME = AccentColor;
				CODE_SIGN_ENTITLEMENTS = cistatusbar/cistatusbar.entitlements;
				CODE_SIGN_IDENTITY = "Apple Development";
				CODE_SIGN_STYLE = Automatic;
				COMBINE_HIDPI_IMAGES = YES;
				DEVELOPMENT_ASSET_PATHS = "\"cistatusbar/Preview Content\"";
				DEVELOPMENT_TEAM = UC283Z62S8;
				ENABLE_HARDENED_RUNTIME = YES;
				ENABLE_PREVIEWS = YES;
				INFOPLIST_FILE = cistatusbar/Info.plist;
				LD_RUNPATH_SEARCH_PATHS = (
					"$(inherited)",
					"@executable_path/../Frameworks",
				);
				MACOSX_DEPLOYMENT_TARGET = 11.0;
				PRODUCT_BUNDLE_IDENTIFIER = io.umehara.cistatusbar;
				PRODUCT_NAME = "$(TARGET_NAME)";
				SWIFT_VERSION = 5.0;
			};
			name = Debug;
		};
		2474EE04253F072F00184F1A /* Release */ = {
			isa = XCBuildConfiguration;
			buildSettings = {
				ASSETCATALOG_COMPILER_APPICON_NAME = AppIcon;
				ASSETCATALOG_COMPILER_GLOBAL_ACCENT_COLOR_NAME = AccentColor;
				CODE_SIGN_ENTITLEMENTS = cistatusbar/cistatusbar.entitlements;
				CODE_SIGN_IDENTITY = "Apple Development";
				CODE_SIGN_STYLE = Automatic;
				COMBINE_HIDPI_IMAGES = YES;
				DEVELOPMENT_ASSET_PATHS = "\"cistatusbar/Preview Content\"";
				DEVELOPMENT_TEAM = UC283Z62S8;
				ENABLE_HARDENED_RUNTIME = YES;
				ENABLE_PREVIEWS = YES;
				INFOPLIST_FILE = cistatusbar/Info.plist;
				LD_RUNPATH_SEARCH_PATHS = (
					"$(inherited)",
					"@executable_path/../Frameworks",
				);
				MACOSX_DEPLOYMENT_TARGET = 11.0;
				PRODUCT_BUNDLE_IDENTIFIER = io.umehara.cistatusbar;
				PRODUCT_NAME = "$(TARGET_NAME)";
				SWIFT_VERSION = 5.0;
			};
			name = Release;
		};
		2474EE06253F072F00184F1A /* Debug */ = {
			isa = XCBuildConfiguration;
			buildSettings = {
				ALWAYS_EMBED_SWIFT_STANDARD_LIBRARIES = YES;
				CODE_SIGN_STYLE = Automatic;
				COMBINE_HIDPI_IMAGES = YES;
				DEVELOPMENT_TEAM = UC283Z62S8;
				INFOPLIST_FILE = cistatusbarTests/Info.plist;
				LD_RUNPATH_SEARCH_PATHS = (
					"$(inherited)",
					"@executable_path/../Frameworks",
					"@loader_path/../Frameworks",
				);
				MACOSX_DEPLOYMENT_TARGET = 11.0;
				PRODUCT_BUNDLE_IDENTIFIER = io.umehara.cistatusbarTests;
				PRODUCT_NAME = "$(TARGET_NAME)";
				SWIFT_VERSION = 5.0;
			};
			name = Debug;
		};
		2474EE07253F072F00184F1A /* Release */ = {
			isa = XCBuildConfiguration;
			buildSettings = {
				ALWAYS_EMBED_SWIFT_STANDARD_LIBRARIES = YES;
				CODE_SIGN_STYLE = Automatic;
				COMBINE_HIDPI_IMAGES = YES;
				DEVELOPMENT_TEAM = UC283Z62S8;
				INFOPLIST_FILE = cistatusbarTests/Info.plist;
				LD_RUNPATH_SEARCH_PATHS = (
					"$(inherited)",
					"@executable_path/../Frameworks",
					"@loader_path/../Frameworks",
				);
				MACOSX_DEPLOYMENT_TARGET = 11.0;
				PRODUCT_BUNDLE_IDENTIFIER = io.umehara.cistatusbarTests;
				PRODUCT_NAME = "$(TARGET_NAME)";
				SWIFT_VERSION = 5.0;
			};
			name = Release;
		};
		2474EE09253F072F00184F1A /* Debug */ = {
			isa = XCBuildConfiguration;
			buildSettings = {
				ALWAYS_EMBED_SWIFT_STANDARD_LIBRARIES = YES;
				CODE_SIGN_STYLE = Automatic;
				COMBINE_HIDPI_IMAGES = YES;
				DEVELOPMENT_TEAM = UC283Z62S8;
				INFOPLIST_FILE = cistatusbarE2ETests/Info.plist;
				LD_RUNPATH_SEARCH_PATHS = (
					"$(inherited)",
					"@executable_path/../Frameworks",
					"@loader_path/../Frameworks",
				);
				PRODUCT_BUNDLE_IDENTIFIER = io.umehara.cistatusbarE2ETests;
				PRODUCT_NAME = "$(TARGET_NAME)";
				SWIFT_VERSION = 5.0;
				TEST_TARGET_NAME = cistatusbar;
			};
			name = Debug;
		};
		2474EE0A253F072F00184F1A /* Release */ = {
			isa = XCBuildConfiguration;
			buildSettings = {
				ALWAYS_EMBED_SWIFT_STANDARD_LIBRARIES = YES;
				CODE_SIGN_STYLE = Automatic;
				COMBINE_HIDPI_IMAGES = YES;
				DEVELOPMENT_TEAM = UC283Z62S8;
				INFOPLIST_FILE = cistatusbarE2ETests/Info.plist;
				LD_RUNPATH_SEARCH_PATHS = (
					"$(inherited)",
					"@executable_path/../Frameworks",
					"@loader_path/../Frameworks",
				);
				PRODUCT_BUNDLE_IDENTIFIER = io.umehara.cistatusbarE2ETests;
				PRODUCT_NAME = "$(TARGET_NAME)";
				SWIFT_VERSION = 5.0;
				TEST_TARGET_NAME = cistatusbar;
			};
			name = Release;
		};
/* End XCBuildConfiguration section */

/* Begin XCConfigurationList section */
		240AAEF126BB3D0E00CC9FB6 /* Build configuration list for PBXNativeTarget "cistatusbarViewTests" */ = {
			isa = XCConfigurationList;
			buildConfigurations = (
				240AAEEF26BB3D0E00CC9FB6 /* Debug */,
				240AAEF026BB3D0E00CC9FB6 /* Release */,
			);
			defaultConfigurationIsVisible = 0;
			defaultConfigurationName = Release;
		};
		2474EDD1253F072D00184F1A /* Build configuration list for PBXProject "cistatusbar" */ = {
			isa = XCConfigurationList;
			buildConfigurations = (
				2474EE00253F072F00184F1A /* Debug */,
				2474EE01253F072F00184F1A /* Release */,
			);
			defaultConfigurationIsVisible = 0;
			defaultConfigurationName = Release;
		};
		2474EE02253F072F00184F1A /* Build configuration list for PBXNativeTarget "cistatusbar" */ = {
			isa = XCConfigurationList;
			buildConfigurations = (
				2474EE03253F072F00184F1A /* Debug */,
				2474EE04253F072F00184F1A /* Release */,
			);
			defaultConfigurationIsVisible = 0;
			defaultConfigurationName = Release;
		};
		2474EE05253F072F00184F1A /* Build configuration list for PBXNativeTarget "cistatusbarTests" */ = {
			isa = XCConfigurationList;
			buildConfigurations = (
				2474EE06253F072F00184F1A /* Debug */,
				2474EE07253F072F00184F1A /* Release */,
			);
			defaultConfigurationIsVisible = 0;
			defaultConfigurationName = Release;
		};
		2474EE08253F072F00184F1A /* Build configuration list for PBXNativeTarget "cistatusbarE2ETests" */ = {
			isa = XCConfigurationList;
			buildConfigurations = (
				2474EE09253F072F00184F1A /* Debug */,
				2474EE0A253F072F00184F1A /* Release */,
			);
			defaultConfigurationIsVisible = 0;
			defaultConfigurationName = Release;
		};
/* End XCConfigurationList section */

/* Begin XCVersionGroup section */
		2474EDDD253F072D00184F1A /* cistatusbar.xcdatamodeld */ = {
			isa = XCVersionGroup;
			children = (
				2474EDDE253F072D00184F1A /* cistatusbar.xcdatamodel */,
			);
			currentVersion = 2474EDDE253F072D00184F1A /* cistatusbar.xcdatamodel */;
			path = cistatusbar.xcdatamodeld;
			sourceTree = "<group>";
			versionGroupType = wrapper.xcdatamodel;
		};
/* End XCVersionGroup section */
	};
	rootObject = 2474EDCE253F072D00184F1A /* Project object */;
}
